github.com/abbeymart/mcresponse v0.4.1 h1:GAekylL40+rQwVlCZkmBUCKzvzCTOokpdN1c9QDmxOA=
github.com/abbeymart/mcresponse v0.4.1/go.mod h1:cbaoGCkmRrO5oc220/9xdMZhdLhvvKYvG+rI4lc3Ik4=
github.com/abbeymart/mctest v0.5.3 h1:i2yUlvVbye43H7cmnguoYmal6azAvJVPUNollnSgmnA=
github.com/abbeymart/mctest v0.5.3/go.mod h1:KOFNuhcaJZq1lEDMXTA1qywNywH6rZ1EjPOFxpg2eBw=
