github.com/abbeymart/mcdatago v0.1.0 h1:QLvImz2LRTyLDWWsJvSts6laNjhlgSQmCo+HZffIzjc=
github.com/abbeymart/mcdatago v0.1.0/go.mod h1:X4drULaIFSrgjggrp058JQbhIjG4yTp8fn81XWIzQa8=
github.com/abbeymart/mcresponsego v0.2.2 h1:RuVLRTaCejaCwyli353GWxEBRjSBCAnZ9/fbruQIB2U=
github.com/abbeymart/mcresponsego v0.2.2/go.mod h1:6twtms15Y8A1ngqY1jgRADvZdqCkPHl5Q//WqlhWLSk=
github.com/abbeymart/mcresponsego v0.3.0 h1:ZFLCAo1DxG4RNcCiwVKUTcCa8X3ACjPJTfSVo6A+A40=
github.com/abbeymart/mcresponsego v0.3.0/go.mod h1:6twtms15Y8A1ngqY1jgRADvZdqCkPHl5Q//WqlhWLSk=
github.com/abbeymart/mctestgo v0.5.0 h1:uauSUZ+fKM496DQx2DmAKX1A/X/ekeup8LiZy1MaGFA=
github.com/abbeymart/mctestgo v0.5.0/go.mod h1:6z87w/tScZc/s/EbNT8Uj9+1MEGIPvYgphiLxji7hq0=
github.com/lib/pq v1.8.0 h1:9xohqzkUwzR4Ga4ivdTcawVS89YSDVxXMa3xJX3cGzg=
github.com/lib/pq v1.8.0/go.mod h1:AlVN5x4E4T544tWzH6hKfbfQvm3HdbOxrmggDNAPY9o=
